
Microsoft Visual Studio Solution File, Format Version 12.00
# Visual Studio Version 17
VisualStudioVersion = 17.7.34031.279
MinimumVisualStudioVersion = 10.0.40219.1
Project("{FAE04EC0-301F-11D3-BF4B-00C04F79EFBC}") = "EmployeeOOP", "EmployeeOOP\EmployeeOOP.csproj", "{B093BBE3-CD91-4D48-9AD1-B33F7240BD40}"
EndProject
Global
	GlobalSection(SolutionConfigurationPlatforms) = preSolution
		Debug|Any CPU = Debug|Any CPU
		Release|Any CPU = Release|Any CPU
	EndGlobalSection
	GlobalSection(ProjectConfigurationPlatforms) = postSolution
		{B093BBE3-CD91-4D48-9AD1-B33F7240BD40}.Debug|Any CPU.ActiveCfg = Debug|Any CPU
		{B093BBE3-CD91-4D48-9AD1-B33F7240BD40}.Debug|Any CPU.Build.0 = Debug|Any CPU
		{B093BBE3-CD91-4D48-9AD1-B33F7240BD40}.Release|Any CPU.ActiveCfg = Release|Any CPU
		{B093BBE3-CD91-4D48-9AD1-B33F7240BD40}.Release|Any CPU.Build.0 = Release|Any CPU
	EndGlobalSection
	GlobalSection(SolutionProperties) = preSolution
		HideSolutionNode = FALSE
	EndGlobalSection
	GlobalSection(ExtensibilityGlobals) = postSolution
		SolutionGuid = {9D9D5453-BF06-4CF9-BED6-235A6BEDC10B}
	EndGlobalSection
EndGlobal
